
Microsoft Visual Studio Solution File, Format Version 12.00
# Visual Studio Version 17
VisualStudioVersion = 17.13.35931.197 d17.13
MinimumVisualStudioVersion = 10.0.40219.1
Project("{FAE04EC0-301F-11D3-BF4B-00C04F79EFBC}") = "Alpha One Form", "Alpha One Form\Alpha One Form.csproj", "{701A92FC-6F1E-4EDF-A9CF-7400C3AEBD73}"
EndProject
Global
	GlobalSection(SolutionConfigurationPlatforms) = preSolution
		Debug|Any CPU = Debug|Any CPU
		Release|Any CPU = Release|Any CPU
	EndGlobalSection
	GlobalSection(ProjectConfigurationPlatforms) = postSolution
		{701A92FC-6F1E-4EDF-A9CF-7400C3AEBD73}.Debug|Any CPU.ActiveCfg = Debug|Any CPU
		{701A92FC-6F1E-4EDF-A9CF-7400C3AEBD73}.Debug|Any CPU.Build.0 = Debug|Any CPU
		{701A92FC-6F1E-4EDF-A9CF-7400C3AEBD73}.Release|Any CPU.ActiveCfg = Release|Any CPU
		{701A92FC-6F1E-4EDF-A9CF-7400C3AEBD73}.Release|Any CPU.Build.0 = Release|Any CPU
	EndGlobalSection
	GlobalSection(SolutionProperties) = preSolution
		HideSolutionNode = FALSE
	EndGlobalSection
	GlobalSection(ExtensibilityGlobals) = postSolution
		SolutionGuid = {BD93AB31-F025-4108-ABBB-70B212F4182F}
	EndGlobalSection
EndGlobal
